
Microsoft Visual Studio Solution File, Format Version 12.00
Project("{FAE04EC0-301F-11D3-BF4B-00C04F79EFBC}") = "TerminalMoney", "TerminalMoney.csproj", "{B64332E6-B96D-47F5-85F8-E7DECE5CE5CC}"
EndProject
Global
	GlobalSection(SolutionConfigurationPlatforms) = preSolution
		Debug|Any CPU = Debug|Any CPU
		Release|Any CPU = Release|Any CPU
	EndGlobalSection
	GlobalSection(ProjectConfigurationPlatforms) = postSolution
		{B64332E6-B96D-47F5-85F8-E7DECE5CE5CC}.Debug|Any CPU.ActiveCfg = Debug|Any CPU
		{B64332E6-B96D-47F5-85F8-E7DECE5CE5CC}.Debug|Any CPU.Build.0 = Debug|Any CPU
		{B64332E6-B96D-47F5-85F8-E7DECE5CE5CC}.Release|Any CPU.ActiveCfg = Release|Any CPU
		{B64332E6-B96D-47F5-85F8-E7DECE5CE5CC}.Release|Any CPU.Build.0 = Release|Any CPU
	EndGlobalSection
EndGlobal
